// !$*UTF8*$!
{
	archiveVersion = 1;
	classes = {
	};
	objectVersion = 46;
	objects = {

/* Begin PBXBuildFile section */
		FE5DD15D1AA6B9C10066F939 /* SettingsView.m in Sources */ = {isa = PBXBuildFile; fileRef = FE5DD15C1AA6B9C10066F939 /* SettingsView.m */; };
		FE6BF14E1AA54852004704A2 /* main.m in Sources */ = {isa = PBXBuildFile; fileRef = FE6BF14D1AA54852004704A2 /* main.m */; };
		FE6BF1511AA54852004704A2 /* AppDelegate.m in Sources */ = {isa = PBXBuildFile; fileRef = FE6BF1501AA54852004704A2 /* AppDelegate.m */; };
		FE6BF1541AA54852004704A2 /* MainView.m in Sources */ = {isa = PBXBuildFile; fileRef = FE6BF1531AA54852004704A2 /* MainView.m */; };
		FE6BF1571AA54852004704A2 /* Main.storyboard in Resources */ = {isa = PBXBuildFile; fileRef = FE6BF1551AA54852004704A2 /* Main.storyboard */; };
		FE6BF1591AA54852004704A2 /* Images.xcassets in Resources */ = {isa = PBXBuildFile; fileRef = FE6BF1581AA54852004704A2 /* Images.xcassets */; };
		FE6BF15C1AA54852004704A2 /* LaunchScreen.xib in Resources */ = {isa = PBXBuildFile; fileRef = FE6BF15A1AA54852004704A2 /* LaunchScreen.xib */; };
		FE6BF1681AA54852004704A2 /* RestaurantSplitTests.m in Sources */ = {isa = PBXBuildFile; fileRef = FE6BF1671AA54852004704A2 /* RestaurantSplitTests.m */; };
/* End PBXBuildFile section */

/* Begin PBXContainerItemProxy section */
		FE6BF1621AA54852004704A2 /* PBXContainerItemProxy */ = {
			isa = PBXContainerItemProxy;
			containerPortal = FE6BF1401AA54852004704A2 /* Project object */;
			proxyType = 1;
			remoteGlobalIDString = FE6BF1471AA54852004704A2;
			remoteInfo = RestaurantSplit;
		};
/* End PBXContainerItemProxy section */

/* Begin PBXFileReference section */
		FE5DD15B1AA6B9C10066F939 /* SettingsView.h */ = {isa = PBXFileReference; fileEncoding = 4; lastKnownFileType = sourcecode.c.h; path = SettingsView.h; sourceTree = "<group>"; };
		FE5DD15C1AA6B9C10066F939 /* SettingsView.m */ = {isa = PBXFileReference; fileEncoding = 4; lastKnownFileType = sourcecode.c.objc; path = SettingsView.m; sourceTree = "<group>"; };
		FE6BF1481AA54852004704A2 /* RestaurantSplit.app */ = {isa = PBXFileReference; explicitFileType = wrapper.application; includeInIndex = 0; path = RestaurantSplit.app; sourceTree = BUILT_PRODUCTS_DIR; };
		FE6BF14C1AA54852004704A2 /* Info.plist */ = {isa = PBXFileReference; lastKnownFileType = text.plist.xml; path = Info.plist; sourceTree = "<group>"; };
		FE6BF14D1AA54852004704A2 /* main.m */ = {isa = PBXFileReference; lastKnownFileType = sourcecode.c.objc; path = main.m; sourceTree = "<group>"; };
		FE6BF14F1AA54852004704A2 /* AppDelegate.h */ = {isa = PBXFileReference; lastKnownFileType = sourcecode.c.h; path = AppDelegate.h; sourceTree = "<group>"; };
		FE6BF1501AA54852004704A2 /* AppDelegate.m */ = {isa = PBXFileReference; lastKnownFileType = sourcecode.c.objc; path = AppDelegate.m; sourceTree = "<group>"; };
		FE6BF1521AA54852004704A2 /* MainView.h */ = {isa = PBXFileReference; lastKnownFileType = sourcecode.c.h; path = MainView.h; sourceTree = "<group>"; };
		FE6BF1531AA54852004704A2 /* MainView.m */ = {isa = PBXFileReference; lastKnownFileType = sourcecode.c.objc; path = MainView.m; sourceTree = "<group>"; };
		FE6BF1561AA54852004704A2 /* Base */ = {isa = PBXFileReference; lastKnownFileType = file.storyboard; name = Base; path = Base.lproj/Main.storyboard; sourceTree = "<group>"; };
		FE6BF1581AA54852004704A2 /* Images.xcassets */ = {isa = PBXFileReference; lastKnownFileType = folder.assetcatalog; path = Images.xcassets; sourceTree = "<group>"; };
		FE6BF15B1AA54852004704A2 /* Base */ = {isa = PBXFileReference; lastKnownFileType = file.xib; name = Base; path = Base.lproj/LaunchScreen.xib; sourceTree = "<group>"; };
		FE6BF1611AA54852004704A2 /* RestaurantSplitTests.xctest */ = {isa = PBXFileReference; explicitFileType = wrapper.cfbundle; includeInIndex = 0; path = RestaurantSplitTests.xctest; sourceTree = BUILT_PRODUCTS_DIR; };
		FE6BF1661AA54852004704A2 /* Info.plist */ = {isa = PBXFileReference; lastKnownFileType = text.plist.xml; path = Info.plist; sourceTree = "<group>"; };
		FE6BF1671AA54852004704A2 /* RestaurantSplitTests.m */ = {isa = PBXFileReference; lastKnownFileType = sourcecode.c.objc; path = RestaurantSplitTests.m; sourceTree = "<group>"; };
/* End PBXFileReference section */

/* Begin PBXFrameworksBuildPhase section */
		FE6BF1451AA54852004704A2 /* Frameworks */ = {
			isa = PBXFrameworksBuildPhase;
			buildActionMask = 2147483647;
			files = (
			);
			runOnlyForDeploymentPostprocessing = 0;
		};
		FE6BF15E1AA54852004704A2 /* Frameworks */ = {
			isa = PBXFrameworksBuildPhase;
			buildActionMask = 2147483647;
			files = (
			);
			runOnlyForDeploymentPostprocessing = 0;
		};
/* End PBXFrameworksBuildPhase section */

/* Begin PBXGroup section */
		FE6BF13F1AA54852004704A2 = {
			isa = PBXGroup;
			children = (
				FE6BF14A1AA54852004704A2 /* RestaurantSplit */,
				FE6BF1641AA54852004704A2 /* RestaurantSplitTests */,
				FE6BF1491AA54852004704A2 /* Products */,
			);
			sourceTree = "<group>";
		};
		FE6BF1491AA54852004704A2 /* Products */ = {
			isa = PBXGroup;
			children = (
				FE6BF1481AA54852004704A2 /* RestaurantSplit.app */,
				FE6BF1611AA54852004704A2 /* RestaurantSplitTests.xctest */,
			);
			name = Products;
			sourceTree = "<group>";
		};
		FE6BF14A1AA54852004704A2 /* RestaurantSplit */ = {
			isa = PBXGroup;
			children = (
				FE6BF14F1AA54852004704A2 /* AppDelegate.h */,
				FE6BF1501AA54852004704A2 /* AppDelegate.m */,
				FE6BF1521AA54852004704A2 /* MainView.h */,
				FE6BF1531AA54852004704A2 /* MainView.m */,
				FE6BF1551AA54852004704A2 /* Main.storyboard */,
				FE5DD15B1AA6B9C10066F939 /* SettingsView.h */,
				FE5DD15C1AA6B9C10066F939 /* SettingsView.m */,
				FE6BF1581AA54852004704A2 /* Images.xcassets */,
				FE6BF15A1AA54852004704A2 /* LaunchScreen.xib */,
				FE6BF14B1AA54852004704A2 /* Supporting Files */,
			);
			path = RestaurantSplit;
			sourceTree = "<group>";
		};
		FE6BF14B1AA54852004704A2 /* Supporting Files */ = {
			isa = PBXGroup;
			children = (
				FE6BF14C1AA54852004704A2 /* Info.plist */,
				FE6BF14D1AA54852004704A2 /* main.m */,
			);
			name = "Supporting Files";
			sourceTree = "<group>";
		};
		FE6BF1641AA54852004704A2 /* RestaurantSplitTests */ = {
			isa = PBXGroup;
			children = (
				FE6BF1671AA54852004704A2 /* RestaurantSplitTests.m */,
				FE6BF1651AA54852004704A2 /* Supporting Files */,
			);
			path = RestaurantSplitTests;
			sourceTree = "<group>";
		};
		FE6BF1651AA54852004704A2 /* Supporting Files */ = {
			isa = PBXGroup;
			children = (
				FE6BF1661AA54852004704A2 /* Info.plist */,
			);
			name = "Supporting Files";
			sourceTree = "<group>";
		};
/* End PBXGroup section */

/* Begin PBXNativeTarget section */
		FE6BF1471AA54852004704A2 /* RestaurantSplit */ = {
			isa = PBXNativeTarget;
			buildConfigurationList = FE6BF16B1AA54852004704A2 /* Build configuration list for PBXNativeTarget "RestaurantSplit" */;
			buildPhases = (
				FE6BF1441AA54852004704A2 /* Sources */,
				FE6BF1451AA54852004704A2 /* Frameworks */,
				FE6BF1461AA54852004704A2 /* Resources */,
			);
			buildRules = (
			);
			dependencies = (
			);
			name = RestaurantSplit;
			productName = RestaurantSplit;
			productReference = FE6BF1481AA54852004704A2 /* RestaurantSplit.app */;
			productType = "com.apple.product-type.application";
		};
		FE6BF1601AA54852004704A2 /* RestaurantSplitTests */ = {
			isa = PBXNativeTarget;
			buildConfigurationList = FE6BF16E1AA54852004704A2 /* Build configuration list for PBXNativeTarget "RestaurantSplitTests" */;
			buildPhases = (
				FE6BF15D1AA54852004704A2 /* Sources */,
				FE6BF15E1AA54852004704A2 /* Frameworks */,
				FE6BF15F1AA54852004704A2 /* Resources */,
			);
			buildRules = (
			);
			dependencies = (
				FE6BF1631AA54852004704A2 /* PBXTargetDependency */,
			);
			name = RestaurantSplitTests;
			productName = RestaurantSplitTests;
			productReference = FE6BF1611AA54852004704A2 /* RestaurantSplitTests.xctest */;
			productType = "com.apple.product-type.bundle.unit-test";
		};
/* End PBXNativeTarget section */

/* Begin PBXProject section */
		FE6BF1401AA54852004704A2 /* Project object */ = {
			isa = PBXProject;
			attributes = {
				LastUpgradeCheck = 0610;
				ORGANIZATIONNAME = "Aliaksei Lyskovich";
				TargetAttributes = {
					FE6BF1471AA54852004704A2 = {
						CreatedOnToolsVersion = 6.1.1;
					};
					FE6BF1601AA54852004704A2 = {
						CreatedOnToolsVersion = 6.1.1;
						TestTargetID = FE6BF1471AA54852004704A2;
					};
				};
			};
			buildConfigurationList = FE6BF1431AA54852004704A2 /* Build configuration list for PBXProject "RestaurantSplit" */;
			compatibilityVersion = "Xcode 3.2";
			developmentRegion = English;
			hasScannedForEncodings = 0;
			knownRegions = (
				en,
				Base,
			);
			mainGroup = FE6BF13F1AA54852004704A2;
			productRefGroup = FE6BF1491AA54852004704A2 /* Products */;
			projectDirPath = "";
			projectRoot = "";
			targets = (
				FE6BF1471AA54852004704A2 /* RestaurantSplit */,
				FE6BF1601AA54852004704A2 /* RestaurantSplitTests */,
			);
		};
/* End PBXProject section */

/* Begin PBXResourcesBuildPhase section */
		FE6BF1461AA54852004704A2 /* Resources */ = {
			isa = PBXResourcesBuildPhase;
			buildActionMask = 2147483647;
			files = (
				FE6BF1571AA54852004704A2 /* Main.storyboard in Resources */,
				FE6BF15C1AA54852004704A2 /* LaunchScreen.xib in Resources */,
				FE6BF1591AA54852004704A2 /* Images.xcassets in Resources */,
			);
			runOnlyForDeploymentPostprocessing = 0;
		};
		FE6BF15F1AA54852004704A2 /* Resources */ = {
			isa = PBXResourcesBuildPhase;
			buildActionMask = 2147483647;
			files = (
			);
			runOnlyForDeploymentPostprocessing = 0;
		};
/* End PBXResourcesBuildPhase section */

/* Begin PBXSourcesBuildPhase section */
		FE6BF1441AA54852004704A2 /* Sources */ = {
			isa = PBXSourcesBuildPhase;
			buildActionMask = 2147483647;
			files = (
				FE6BF1541AA54852004704A2 /* MainView.m in Sources */,
				FE5DD15D1AA6B9C10066F939 /* SettingsView.m in Sources */,
				FE6BF1511AA54852004704A2 /* AppDelegate.m in Sources */,
				FE6BF14E1AA54852004704A2 /* main.m in Sources */,
			);
			runOnlyForDeploymentPostprocessing = 0;
		};
		FE6BF15D1AA54852004704A2 /* Sources */ = {
			isa = PBXSourcesBuildPhase;
			buildActionMask = 2147483647;
			files = (
				FE6BF1681AA54852004704A2 /* RestaurantSplitTests.m in Sources */,
			);
			runOnlyForDeploymentPostprocessing = 0;
		};
/* End PBXSourcesBuildPhase section */

/* Begin PBXTargetDependency section */
		FE6BF1631AA54852004704A2 /* PBXTargetDependency */ = {
			isa = PBXTargetDependency;
			target = FE6BF1471AA54852004704A2 /* RestaurantSplit */;
			targetProxy = FE6BF1621AA54852004704A2 /* PBXContainerItemProxy */;
		};
/* End PBXTargetDependency section */

/* Begin PBXVariantGroup section */
		FE6BF1551AA54852004704A2 /* Main.storyboard */ = {
			isa = PBXVariantGroup;
			children = (
				FE6BF1561AA54852004704A2 /* Base */,
			);
			name = Main.storyboard;
			sourceTree = "<group>";
		};
		FE6BF15A1AA54852004704A2 /* LaunchScreen.xib */ = {
			isa = PBXVariantGroup;
			children = (
				FE6BF15B1AA54852004704A2 /* Base */,
			);
			name = LaunchScreen.xib;
			sourceTree = "<group>";
		};
/* End PBXVariantGroup section */

/* Begin XCBuildConfiguration section */
		FE6BF1691AA54852004704A2 /* Debug */ = {
			isa = XCBuildConfiguration;
			buildSettings = {
				ALWAYS_SEARCH_USER_PATHS = NO;
				CLANG_CXX_LANGUAGE_STANDARD = "gnu++0x";
				CLANG_CXX_LIBRARY = "libc++";
				CLANG_ENABLE_MODULES = YES;
				CLANG_ENABLE_OBJC_ARC = YES;
				CLANG_WARN_BOOL_CONVERSION = YES;
				CLANG_WARN_CONSTANT_CONVERSION = YES;
				CLANG_WARN_DIRECT_OBJC_ISA_USAGE = YES_ERROR;
				CLANG_WARN_EMPTY_BODY = YES;
				CLANG_WARN_ENUM_CONVERSION = YES;
				CLANG_WARN_INT_CONVERSION = YES;
				CLANG_WARN_OBJC_ROOT_CLASS = YES_ERROR;
				CLANG_WARN_UNREACHABLE_CODE = YES;
				CLANG_WARN__DUPLICATE_METHOD_MATCH = YES;
				"CODE_SIGN_IDENTITY[sdk=iphoneos*]" = "iPhone Developer";
				COPY_PHASE_STRIP = NO;
				ENABLE_STRICT_OBJC_MSGSEND = YES;
				GCC_C_LANGUAGE_STANDARD = gnu99;
				GCC_DYNAMIC_NO_PIC = NO;
				GCC_OPTIMIZATION_LEVEL = 0;
				GCC_PREPROCESSOR_DEFINITIONS = (
					"DEBUG=1",
					"$(inherited)",
				);
				GCC_SYMBOLS_PRIVATE_EXTERN = NO;
				GCC_WARN_64_TO_32_BIT_CONVERSION = YES;
				GCC_WARN_ABOUT_RETURN_TYPE = YES_ERROR;
				GCC_WARN_UNDECLARED_SELECTOR = YES;
				GCC_WARN_UNINITIALIZED_AUTOS = YES_AGGRESSIVE;
				GCC_WARN_UNUSED_FUNCTION = YES;
				GCC_WARN_UNUSED_VARIABLE = YES;
				IPHONEOS_DEPLOYMENT_TARGET = 8.1;
				MTL_ENABLE_DEBUG_INFO = YES;
				ONLY_ACTIVE_ARCH = YES;
				SDKROOT = iphoneos;
			};
			name = Debug;
		};
		FE6BF16A1AA54852004704A2 /* Release */ = {
			isa = XCBuildConfiguration;
			buildSettings = {
				ALWAYS_SEARCH_USER_PATHS = NO;
				CLANG_CXX_LANGUAGE_STANDARD = "gnu++0x";
				CLANG_CXX_LIBRARY = "libc++";
				CLANG_ENABLE_MODULES = YES;
				CLANG_ENABLE_OBJC_ARC = YES;
				CLANG_WARN_BOOL_CONVERSION = YES;
				CLANG_WARN_CONSTANT_CONVERSION = YES;
				CLANG_WARN_DIRECT_OBJC_ISA_USAGE = YES_ERROR;
				CLANG_WARN_EMPTY_BODY = YES;
				CLANG_WARN_ENUM_CONVERSION = YES;
				CLANG_WARN_INT_CONVERSION = YES;
				CLANG_WARN_OBJC_ROOT_CLASS = YES_ERROR;
				CLANG_WARN_UNREACHABLE_CODE = YES;
				CLANG_WARN__DUPLICATE_METHOD_MATCH = YES;
				"CODE_SIGN_IDENTITY[sdk=iphoneos*]" = "iPhone Developer";
				COPY_PHASE_STRIP = YES;
				ENABLE_NS_ASSERTIONS = NO;
				ENABLE_STRICT_OBJC_MSGSEND = YES;
				GCC_C_LANGUAGE_STANDARD = gnu99;
				GCC_WARN_64_TO_32_BIT_CONVERSION = YES;
				GCC_WARN_ABOUT_RETURN_TYPE = YES_ERROR;
				GCC_WARN_UNDECLARED_SELECTOR = YES;
				GCC_WARN_UNINITIALIZED_AUTOS = YES_AGGRESSIVE;
				GCC_WARN_UNUSED_FUNCTION = YES;
				GCC_WARN_UNUSED_VARIABLE = YES;
				IPHONEOS_DEPLOYMENT_TARGET = 8.1;
				MTL_ENABLE_DEBUG_INFO = NO;
				SDKROOT = iphoneos;
				VALIDATE_PRODUCT = YES;
			};
			name = Release;
		};
		FE6BF16C1AA54852004704A2 /* Debug */ = {
			isa = XCBuildConfiguration;
			buildSettings = {
				ASSETCATALOG_COMPILER_APPICON_NAME = AppIcon;
				INFOPLIST_FILE = RestaurantSplit/Info.plist;
				LD_RUNPATH_SEARCH_PATHS = "$(inherited) @executable_path/Frameworks";
				PRODUCT_NAME = "$(TARGET_NAME)";
			};
			name = Debug;
		};
		FE6BF16D1AA54852004704A2 /* Release */ = {
			isa = XCBuildConfiguration;
			buildSettings = {
				ASSETCATALOG_COMPILER_APPICON_NAME = AppIcon;
				INFOPLIST_FILE = RestaurantSplit/Info.plist;
				LD_RUNPATH_SEARCH_PATHS = "$(inherited) @executable_path/Frameworks";
				PRODUCT_NAME = "$(TARGET_NAME)";
			};
			name = Release;
		};
		FE6BF16F1AA54852004704A2 /* Debug */ = {
			isa = XCBuildConfiguration;
			buildSettings = {
				BUNDLE_LOADER = "$(TEST_HOST)";
				FRAMEWORK_SEARCH_PATHS = (
					"$(SDKROOT)/Developer/Library/Frameworks",
					"$(inherited)",
				);
				GCC_PREPROCESSOR_DEFINITIONS = (
					"DEBUG=1",
					"$(inherited)",
				);
				INFOPLIST_FILE = RestaurantSplitTests/Info.plist;
				LD_RUNPATH_SEARCH_PATHS = "$(inherited) @executable_path/Frameworks @loader_path/Frameworks";
				PRODUCT_NAME = "$(TARGET_NAME)";
				TEST_HOST = "$(BUILT_PRODUCTS_DIR)/RestaurantSplit.app/RestaurantSplit";
			};
			name = Debug;
		};
		FE6BF1701AA54852004704A2 /* Release */ = {
			isa = XCBuildConfiguration;
			buildSettings = {
				BUNDLE_LOADER = "$(TEST_HOST)";
				FRAMEWORK_SEARCH_PATHS = (
					"$(SDKROOT)/Developer/Library/Frameworks",
					"$(inherited)",
				);
				INFOPLIST_FILE = RestaurantSplitTests/Info.plist;
				LD_RUNPATH_SEARCH_PATHS = "$(inherited) @executable_path/Frameworks @loader_path/Frameworks";
				PRODUCT_NAME = "$(TARGET_NAME)";
				TEST_HOST = "$(BUILT_PRODUCTS_DIR)/RestaurantSplit.app/RestaurantSplit";
			};
			name = Release;
		};
/* End XCBuildConfiguration section */

/* Begin XCConfigurationList section */
		FE6BF1431AA54852004704A2 /* Build configuration list for PBXProject "RestaurantSplit" */ = {
			isa = XCConfigurationList;
			buildConfigurations = (
				FE6BF1691AA54852004704A2 /* Debug */,
				FE6BF16A1AA54852004704A2 /* Release */,
			);
			defaultConfigurationIsVisible = 0;
			defaultConfigurationName = Release;
		};
		FE6BF16B1AA54852004704A2 /* Build configuration list for PBXNativeTarget "RestaurantSplit" */ = {
			isa = XCConfigurationList;
			buildConfigurations = (
				FE6BF16C1AA54852004704A2 /* Debug */,
				FE6BF16D1AA54852004704A2 /* Release */,
			);
			defaultConfigurationIsVisible = 0;
			defaultConfigurationName = Release;
		};
		FE6BF16E1AA54852004704A2 /* Build configuration list for PBXNativeTarget "RestaurantSplitTests" */ = {
			isa = XCConfigurationList;
			buildConfigurations = (
				FE6BF16F1AA54852004704A2 /* Debug */,
				FE6BF1701AA54852004704A2 /* Release */,
			);
			defaultConfigurationIsVisible = 0;
			defaultConfigurationName = Release;
		};
/* End XCConfigurationList section */
	};
	rootObject = FE6BF1401AA54852004704A2 /* Project object */;
}
